
Microsoft Visual Studio Solution File, Format Version 12.00
# Visual Studio Version 17
VisualStudioVersion = 17.5.002.0
MinimumVisualStudioVersion = 10.0.40219.1
Project("{9A19103F-16F7-4668-BE54-9A1E7A4F7556}") = "RecruitmentApp", "RecruitmentApp.csproj", "{745F87ED-BBD3-4938-AB5A-AD9275DA090D}"
EndProject
Global
	GlobalSection(SolutionConfigurationPlatforms) = preSolution
		Debug|Any CPU = Debug|Any CPU
		Release|Any CPU = Release|Any CPU
	EndGlobalSection
	GlobalSection(ProjectConfigurationPlatforms) = postSolution
		{745F87ED-BBD3-4938-AB5A-AD9275DA090D}.Debug|Any CPU.ActiveCfg = Debug|Any CPU
		{745F87ED-BBD3-4938-AB5A-AD9275DA090D}.Debug|Any CPU.Build.0 = Debug|Any CPU
		{745F87ED-BBD3-4938-AB5A-AD9275DA090D}.Release|Any CPU.ActiveCfg = Release|Any CPU
		{745F87ED-BBD3-4938-AB5A-AD9275DA090D}.Release|Any CPU.Build.0 = Release|Any CPU
	EndGlobalSection
	GlobalSection(SolutionProperties) = preSolution
		HideSolutionNode = FALSE
	EndGlobalSection
	GlobalSection(ExtensibilityGlobals) = postSolution
		SolutionGuid = {24F4C050-42A0-4E41-BE6E-080329ADCC66}
	EndGlobalSection
EndGlobal
