
Microsoft Visual Studio Solution File, Format Version 12.00
# Visual Studio Version 17
VisualStudioVersion = 17.11.35327.3
MinimumVisualStudioVersion = 10.0.40219.1
Project("{FAE04EC0-301F-11D3-BF4B-00C04F79EFBC}") = "MyApp", "MyApp\MyApp.csproj", "{2F1F7872-B8E7-47A6-BA47-E6DA43D2E8CC}"
EndProject
Global
	GlobalSection(SolutionConfigurationPlatforms) = preSolution
		Debug|Any CPU = Debug|Any CPU
		Release|Any CPU = Release|Any CPU
	EndGlobalSection
	GlobalSection(ProjectConfigurationPlatforms) = postSolution
		{2F1F7872-B8E7-47A6-BA47-E6DA43D2E8CC}.Debug|Any CPU.ActiveCfg = Debug|Any CPU
		{2F1F7872-B8E7-47A6-BA47-E6DA43D2E8CC}.Debug|Any CPU.Build.0 = Debug|Any CPU
		{2F1F7872-B8E7-47A6-BA47-E6DA43D2E8CC}.Release|Any CPU.ActiveCfg = Release|Any CPU
		{2F1F7872-B8E7-47A6-BA47-E6DA43D2E8CC}.Release|Any CPU.Build.0 = Release|Any CPU
	EndGlobalSection
	GlobalSection(SolutionProperties) = preSolution
		HideSolutionNode = FALSE
	EndGlobalSection
	GlobalSection(ExtensibilityGlobals) = postSolution
		SolutionGuid = {C4273CB3-1DA6-48BB-983C-C42CEE742D4D}
	EndGlobalSection
EndGlobal
