Microsoft Visual Studio Solution File, Format Version 12.00
# Visual Studio Version 17
VisualStudioVersion = 17.5.2.0
MinimumVisualStudioVersion = 10.0.40219.1
Project("{FAE04EC0-301F-11D3-BF4B-00C04F79EFBC}") = "OfficeEntityApp", "OfficeEntityApp.csproj", "{71216734-A826-83A2-D7C5-5604A8192E27}"
EndProject
Global
	GlobalSection(SolutionConfigurationPlatforms) = preSolution
		Debug|Any CPU = Debug|Any CPU
		Release|Any CPU = Release|Any CPU
	EndGlobalSection
	GlobalSection(ProjectConfigurationPlatforms) = postSolution
		{71216734-A826-83A2-D7C5-5604A8192E27}.Debug|Any CPU.ActiveCfg = Debug|Any CPU
		{71216734-A826-83A2-D7C5-5604A8192E27}.Debug|Any CPU.Build.0 = Debug|Any CPU
		{71216734-A826-83A2-D7C5-5604A8192E27}.Release|Any CPU.ActiveCfg = Release|Any CPU
		{71216734-A826-83A2-D7C5-5604A8192E27}.Release|Any CPU.Build.0 = Release|Any CPU
	EndGlobalSection
	GlobalSection(SolutionProperties) = preSolution
		HideSolutionNode = FALSE
	EndGlobalSection
	GlobalSection(ExtensibilityGlobals) = postSolution
		SolutionGuid = {137E78B1-86E0-4EF6-A7AC-C77236C054A4}
	EndGlobalSection
EndGlobal
