Microsoft Visual Studio Solution File, Format Version 12.00
# Visual Studio Version 17
VisualStudioVersion = 17.5.2.0
MinimumVisualStudioVersion = 10.0.40219.1
Project("{FAE04EC0-301F-11D3-BF4B-00C04F79EFBC}") = "MiddlewareApp", "MiddlewareApp\MiddlewareApp.csproj", "{4FA5C68C-203D-456E-6A39-EE308BD04D8D}"
EndProject
Global
	GlobalSection(SolutionConfigurationPlatforms) = preSolution
		Debug|Any CPU = Debug|Any CPU
		Release|Any CPU = Release|Any CPU
	EndGlobalSection
	GlobalSection(ProjectConfigurationPlatforms) = postSolution
		{4FA5C68C-203D-456E-6A39-EE308BD04D8D}.Debug|Any CPU.ActiveCfg = Debug|Any CPU
		{4FA5C68C-203D-456E-6A39-EE308BD04D8D}.Debug|Any CPU.Build.0 = Debug|Any CPU
		{4FA5C68C-203D-456E-6A39-EE308BD04D8D}.Release|Any CPU.ActiveCfg = Release|Any CPU
		{4FA5C68C-203D-456E-6A39-EE308BD04D8D}.Release|Any CPU.Build.0 = Release|Any CPU
	EndGlobalSection
	GlobalSection(SolutionProperties) = preSolution
		HideSolutionNode = FALSE
	EndGlobalSection
	GlobalSection(ExtensibilityGlobals) = postSolution
		SolutionGuid = {6896D1D5-29E9-47DF-9279-086A1B99543E}
	EndGlobalSection
EndGlobal
